
Microsoft Visual Studio Solution File, Format Version 12.00
# Visual Studio Version 16
VisualStudioVersion = 16.0.29920.165
MinimumVisualStudioVersion = 10.0.40219.1
Project("{9A19103F-16F7-4668-BE54-9A1E7A4F7556}") = "day06_01_OrderExtension", "day06_01_OrderExtension\day06_01_OrderExtension.csproj", "{034029E5-11C2-4691-BDEC-C9DD7A538783}"
EndProject
Project("{FAE04EC0-301F-11D3-BF4B-00C04F79EFBC}") = "day06_01_OrderExtensionTests", "day06_01_OrderExtensionTests\day06_01_OrderExtensionTests.csproj", "{6E6C7AF5-B44E-49CA-8D8F-81EEC7693BB3}"
EndProject
Global
	GlobalSection(SolutionConfigurationPlatforms) = preSolution
		Debug|Any CPU = Debug|Any CPU
		Release|Any CPU = Release|Any CPU
	EndGlobalSection
	GlobalSection(ProjectConfigurationPlatforms) = postSolution
		{034029E5-11C2-4691-BDEC-C9DD7A538783}.Debug|Any CPU.ActiveCfg = Debug|Any CPU
		{034029E5-11C2-4691-BDEC-C9DD7A538783}.Debug|Any CPU.Build.0 = Debug|Any CPU
		{034029E5-11C2-4691-BDEC-C9DD7A538783}.Release|Any CPU.ActiveCfg = Release|Any CPU
		{034029E5-11C2-4691-BDEC-C9DD7A538783}.Release|Any CPU.Build.0 = Release|Any CPU
		{6E6C7AF5-B44E-49CA-8D8F-81EEC7693BB3}.Debug|Any CPU.ActiveCfg = Debug|Any CPU
		{6E6C7AF5-B44E-49CA-8D8F-81EEC7693BB3}.Debug|Any CPU.Build.0 = Debug|Any CPU
		{6E6C7AF5-B44E-49CA-8D8F-81EEC7693BB3}.Release|Any CPU.ActiveCfg = Release|Any CPU
		{6E6C7AF5-B44E-49CA-8D8F-81EEC7693BB3}.Release|Any CPU.Build.0 = Release|Any CPU
	EndGlobalSection
	GlobalSection(SolutionProperties) = preSolution
		HideSolutionNode = FALSE
	EndGlobalSection
	GlobalSection(ExtensibilityGlobals) = postSolution
		SolutionGuid = {24573BB0-9B46-42FA-B48C-893DA89DBD71}
	EndGlobalSection
EndGlobal
