
Microsoft Visual Studio Solution File, Format Version 12.00
# Visual Studio 15
VisualStudioVersion = 15.0.28307.1022
MinimumVisualStudioVersion = 10.0.40219.1
Project("{FAE04EC0-301F-11D3-BF4B-00C04F79EFBC}") = "day04_01_GenericLinkedList", "day04_01_GenericLinkedList\day04_01_GenericLinkedList.csproj", "{F25C8A75-6CEF-4DED-8F00-C1D099D0AD4F}"
EndProject
Global
	GlobalSection(SolutionConfigurationPlatforms) = preSolution
		Debug|Any CPU = Debug|Any CPU
		Release|Any CPU = Release|Any CPU
	EndGlobalSection
	GlobalSection(ProjectConfigurationPlatforms) = postSolution
		{F25C8A75-6CEF-4DED-8F00-C1D099D0AD4F}.Debug|Any CPU.ActiveCfg = Debug|Any CPU
		{F25C8A75-6CEF-4DED-8F00-C1D099D0AD4F}.Debug|Any CPU.Build.0 = Debug|Any CPU
		{F25C8A75-6CEF-4DED-8F00-C1D099D0AD4F}.Release|Any CPU.ActiveCfg = Release|Any CPU
		{F25C8A75-6CEF-4DED-8F00-C1D099D0AD4F}.Release|Any CPU.Build.0 = Release|Any CPU
	EndGlobalSection
	GlobalSection(SolutionProperties) = preSolution
		HideSolutionNode = FALSE
	EndGlobalSection
	GlobalSection(ExtensibilityGlobals) = postSolution
		SolutionGuid = {2E069012-59C7-4480-BEFC-3A31595F3541}
	EndGlobalSection
EndGlobal
